
Microsoft Visual Studio Solution File, Format Version 12.00
# Visual Studio Version 17
VisualStudioVersion = 17.7.34031.279
MinimumVisualStudioVersion = 10.0.40219.1
Project("{9A19103F-16F7-4668-BE54-9A1E7A4F7556}") = "BarGalleryCore", "BarGalleryCore\BarGalleryCore.csproj", "{DEF18D69-12E0-4CC9-84CB-D792ECFFF10D}"
EndProject
Project("{9A19103F-16F7-4668-BE54-9A1E7A4F7556}") = "BGDataLayer", "BGDataLayer\BGDataLayer.csproj", "{5DF3297B-56C3-48C3-BB84-EA5224184E45}"
EndProject
Project("{9A19103F-16F7-4668-BE54-9A1E7A4F7556}") = "BGCommon", "BGCommon\BGCommon.csproj", "{D3D56159-2532-443F-BA73-2E2F196E6BF1}"
EndProject
Project("{9A19103F-16F7-4668-BE54-9A1E7A4F7556}") = "BGBusinessLogic", "BGBusinessLogic\BGBusinessLogic.csproj", "{341DEDDC-4459-4ECD-ABA1-AA9996B35DBA}"
EndProject
Project("{54A90642-561A-4BB1-A94E-469ADEE60C69}") = "BarGalleryApp", "BarGalleryApp\BarGalleryApp.esproj", "{D14052AD-4DB0-4273-A9B3-CFCA63DEBB5E}"
EndProject
Project("{54A90642-561A-4BB1-A94E-469ADEE60C69}") = "BarGalleryAdminApp", "BarGalleryAdminApp\BarGalleryAdminApp.esproj", "{2461E4DB-6DC3-4F6D-874F-536AD31623AE}"
EndProject
Global
	GlobalSection(SolutionConfigurationPlatforms) = preSolution
		Debug|Any CPU = Debug|Any CPU
		Release|Any CPU = Release|Any CPU
	EndGlobalSection
	GlobalSection(ProjectConfigurationPlatforms) = postSolution
		{DEF18D69-12E0-4CC9-84CB-D792ECFFF10D}.Debug|Any CPU.ActiveCfg = Debug|Any CPU
		{DEF18D69-12E0-4CC9-84CB-D792ECFFF10D}.Debug|Any CPU.Build.0 = Debug|Any CPU
		{DEF18D69-12E0-4CC9-84CB-D792ECFFF10D}.Release|Any CPU.ActiveCfg = Release|Any CPU
		{DEF18D69-12E0-4CC9-84CB-D792ECFFF10D}.Release|Any CPU.Build.0 = Release|Any CPU
		{5DF3297B-56C3-48C3-BB84-EA5224184E45}.Debug|Any CPU.ActiveCfg = Debug|Any CPU
		{5DF3297B-56C3-48C3-BB84-EA5224184E45}.Debug|Any CPU.Build.0 = Debug|Any CPU
		{5DF3297B-56C3-48C3-BB84-EA5224184E45}.Release|Any CPU.ActiveCfg = Release|Any CPU
		{5DF3297B-56C3-48C3-BB84-EA5224184E45}.Release|Any CPU.Build.0 = Release|Any CPU
		{D3D56159-2532-443F-BA73-2E2F196E6BF1}.Debug|Any CPU.ActiveCfg = Debug|Any CPU
		{D3D56159-2532-443F-BA73-2E2F196E6BF1}.Debug|Any CPU.Build.0 = Debug|Any CPU
		{D3D56159-2532-443F-BA73-2E2F196E6BF1}.Release|Any CPU.ActiveCfg = Release|Any CPU
		{D3D56159-2532-443F-BA73-2E2F196E6BF1}.Release|Any CPU.Build.0 = Release|Any CPU
		{341DEDDC-4459-4ECD-ABA1-AA9996B35DBA}.Debug|Any CPU.ActiveCfg = Debug|Any CPU
		{341DEDDC-4459-4ECD-ABA1-AA9996B35DBA}.Debug|Any CPU.Build.0 = Debug|Any CPU
		{341DEDDC-4459-4ECD-ABA1-AA9996B35DBA}.Release|Any CPU.ActiveCfg = Release|Any CPU
		{341DEDDC-4459-4ECD-ABA1-AA9996B35DBA}.Release|Any CPU.Build.0 = Release|Any CPU
		{D14052AD-4DB0-4273-A9B3-CFCA63DEBB5E}.Debug|Any CPU.ActiveCfg = Debug|Any CPU
		{D14052AD-4DB0-4273-A9B3-CFCA63DEBB5E}.Debug|Any CPU.Build.0 = Debug|Any CPU
		{D14052AD-4DB0-4273-A9B3-CFCA63DEBB5E}.Debug|Any CPU.Deploy.0 = Debug|Any CPU
		{D14052AD-4DB0-4273-A9B3-CFCA63DEBB5E}.Release|Any CPU.ActiveCfg = Release|Any CPU
		{D14052AD-4DB0-4273-A9B3-CFCA63DEBB5E}.Release|Any CPU.Build.0 = Release|Any CPU
		{D14052AD-4DB0-4273-A9B3-CFCA63DEBB5E}.Release|Any CPU.Deploy.0 = Release|Any CPU
		{2461E4DB-6DC3-4F6D-874F-536AD31623AE}.Debug|Any CPU.ActiveCfg = Debug|Any CPU
		{2461E4DB-6DC3-4F6D-874F-536AD31623AE}.Debug|Any CPU.Build.0 = Debug|Any CPU
		{2461E4DB-6DC3-4F6D-874F-536AD31623AE}.Debug|Any CPU.Deploy.0 = Debug|Any CPU
		{2461E4DB-6DC3-4F6D-874F-536AD31623AE}.Release|Any CPU.ActiveCfg = Release|Any CPU
		{2461E4DB-6DC3-4F6D-874F-536AD31623AE}.Release|Any CPU.Build.0 = Release|Any CPU
		{2461E4DB-6DC3-4F6D-874F-536AD31623AE}.Release|Any CPU.Deploy.0 = Release|Any CPU
	EndGlobalSection
	GlobalSection(SolutionProperties) = preSolution
		HideSolutionNode = FALSE
	EndGlobalSection
	GlobalSection(ExtensibilityGlobals) = postSolution
		SolutionGuid = {8D6282A9-9F9C-4461-A875-5B80514B7C95}
	EndGlobalSection
EndGlobal
